
Microsoft Visual Studio Solution File, Format Version 12.00
# Visual Studio 15
VisualStudioVersion = 15.0.28010.2048
MinimumVisualStudioVersion = 10.0.40219.1
Project("{FAE04EC0-301F-11D3-BF4B-00C04F79EFBC}") = "WebApiRest", "WebApiRest\WebApiRest.csproj", "{232BAA41-D0C1-4D75-A12E-114B5FA18E2C}"
EndProject
Global
	GlobalSection(SolutionConfigurationPlatforms) = preSolution
		Debug|Any CPU = Debug|Any CPU
		Release|Any CPU = Release|Any CPU
	EndGlobalSection
	GlobalSection(ProjectConfigurationPlatforms) = postSolution
		{232BAA41-D0C1-4D75-A12E-114B5FA18E2C}.Debug|Any CPU.ActiveCfg = Debug|Any CPU
		{232BAA41-D0C1-4D75-A12E-114B5FA18E2C}.Debug|Any CPU.Build.0 = Debug|Any CPU
		{232BAA41-D0C1-4D75-A12E-114B5FA18E2C}.Release|Any CPU.ActiveCfg = Release|Any CPU
		{232BAA41-D0C1-4D75-A12E-114B5FA18E2C}.Release|Any CPU.Build.0 = Release|Any CPU
	EndGlobalSection
	GlobalSection(SolutionProperties) = preSolution
		HideSolutionNode = FALSE
	EndGlobalSection
	GlobalSection(ExtensibilityGlobals) = postSolution
		SolutionGuid = {10EE9A5D-D56D-44AF-BFE3-8C21358A8BC4}
	EndGlobalSection
EndGlobal
